
Microsoft Visual Studio Solution File, Format Version 12.00
# Visual Studio Version 16
VisualStudioVersion = 16.0.29911.84
MinimumVisualStudioVersion = 10.0.40219.1
Project("{FAE04EC0-301F-11D3-BF4B-00C04F79EFBC}") = "ATIVIDADE6", "ATIVIDADE6.csproj", "{75EBC30C-B0FC-47A5-A64E-BE7AA7C1D724}"
EndProject
Global
	GlobalSection(SolutionConfigurationPlatforms) = preSolution
		Debug|Any CPU = Debug|Any CPU
		Release|Any CPU = Release|Any CPU
	EndGlobalSection
	GlobalSection(ProjectConfigurationPlatforms) = postSolution
		{75EBC30C-B0FC-47A5-A64E-BE7AA7C1D724}.Debug|Any CPU.ActiveCfg = Debug|Any CPU
		{75EBC30C-B0FC-47A5-A64E-BE7AA7C1D724}.Debug|Any CPU.Build.0 = Debug|Any CPU
		{75EBC30C-B0FC-47A5-A64E-BE7AA7C1D724}.Release|Any CPU.ActiveCfg = Release|Any CPU
		{75EBC30C-B0FC-47A5-A64E-BE7AA7C1D724}.Release|Any CPU.Build.0 = Release|Any CPU
	EndGlobalSection
	GlobalSection(SolutionProperties) = preSolution
		HideSolutionNode = FALSE
	EndGlobalSection
	GlobalSection(ExtensibilityGlobals) = postSolution
		SolutionGuid = {DC211D29-81CA-4987-AAD5-00CBB9DEE911}
	EndGlobalSection
EndGlobal
