
Microsoft Visual Studio Solution File, Format Version 12.00
# Visual Studio Version 16
VisualStudioVersion = 16.0.29911.84
MinimumVisualStudioVersion = 10.0.40219.1
Project("{FAE04EC0-301F-11D3-BF4B-00C04F79EFBC}") = "Volume Do Cilindro", "Volume Do Cilindro.csproj", "{310F279D-558A-44E2-893C-C176ADE12435}"
EndProject
Global
	GlobalSection(SolutionConfigurationPlatforms) = preSolution
		Debug|Any CPU = Debug|Any CPU
		Release|Any CPU = Release|Any CPU
	EndGlobalSection
	GlobalSection(ProjectConfigurationPlatforms) = postSolution
		{310F279D-558A-44E2-893C-C176ADE12435}.Debug|Any CPU.ActiveCfg = Debug|Any CPU
		{310F279D-558A-44E2-893C-C176ADE12435}.Debug|Any CPU.Build.0 = Debug|Any CPU
		{310F279D-558A-44E2-893C-C176ADE12435}.Release|Any CPU.ActiveCfg = Release|Any CPU
		{310F279D-558A-44E2-893C-C176ADE12435}.Release|Any CPU.Build.0 = Release|Any CPU
	EndGlobalSection
	GlobalSection(SolutionProperties) = preSolution
		HideSolutionNode = FALSE
	EndGlobalSection
	GlobalSection(ExtensibilityGlobals) = postSolution
		SolutionGuid = {13E1C471-6A51-41AA-8921-001E07607A85}
	EndGlobalSection
EndGlobal
